
Microsoft Visual Studio Solution File, Format Version 12.00
# Visual Studio Version 17
VisualStudioVersion = 17.13.35825.156 d17.13
MinimumVisualStudioVersion = 10.0.40219.1
Project("{FAE04EC0-301F-11D3-BF4B-00C04F79EFBC}") = "ORM_exam", "ORM_exam\ORM_exam.csproj", "{B6A8BAC4-2D15-4491-9B44-D0E0055DF0AD}"
EndProject
Project("{FAE04EC0-301F-11D3-BF4B-00C04F79EFBC}") = "DatabaseContext", "DatabaseContext\DatabaseContext.csproj", "{18ED0B52-CD0D-42C5-87D2-AF09924A25E4}"
EndProject
Project("{FAE04EC0-301F-11D3-BF4B-00C04F79EFBC}") = "Infrastructure", "Infrastructure\Infrastructure.csproj", "{28912BC6-C34B-4A32-A920-3CB649EB37F7}"
EndProject
Global
	GlobalSection(SolutionConfigurationPlatforms) = preSolution
		Debug|Any CPU = Debug|Any CPU
		Release|Any CPU = Release|Any CPU
	EndGlobalSection
	GlobalSection(ProjectConfigurationPlatforms) = postSolution
		{B6A8BAC4-2D15-4491-9B44-D0E0055DF0AD}.Debug|Any CPU.ActiveCfg = Debug|Any CPU
		{B6A8BAC4-2D15-4491-9B44-D0E0055DF0AD}.Debug|Any CPU.Build.0 = Debug|Any CPU
		{B6A8BAC4-2D15-4491-9B44-D0E0055DF0AD}.Release|Any CPU.ActiveCfg = Release|Any CPU
		{B6A8BAC4-2D15-4491-9B44-D0E0055DF0AD}.Release|Any CPU.Build.0 = Release|Any CPU
		{18ED0B52-CD0D-42C5-87D2-AF09924A25E4}.Debug|Any CPU.ActiveCfg = Debug|Any CPU
		{18ED0B52-CD0D-42C5-87D2-AF09924A25E4}.Debug|Any CPU.Build.0 = Debug|Any CPU
		{18ED0B52-CD0D-42C5-87D2-AF09924A25E4}.Release|Any CPU.ActiveCfg = Release|Any CPU
		{18ED0B52-CD0D-42C5-87D2-AF09924A25E4}.Release|Any CPU.Build.0 = Release|Any CPU
		{28912BC6-C34B-4A32-A920-3CB649EB37F7}.Debug|Any CPU.ActiveCfg = Debug|Any CPU
		{28912BC6-C34B-4A32-A920-3CB649EB37F7}.Debug|Any CPU.Build.0 = Debug|Any CPU
		{28912BC6-C34B-4A32-A920-3CB649EB37F7}.Release|Any CPU.ActiveCfg = Release|Any CPU
		{28912BC6-C34B-4A32-A920-3CB649EB37F7}.Release|Any CPU.Build.0 = Release|Any CPU
	EndGlobalSection
	GlobalSection(SolutionProperties) = preSolution
		HideSolutionNode = FALSE
	EndGlobalSection
	GlobalSection(ExtensibilityGlobals) = postSolution
		SolutionGuid = {617B56DA-4EF1-44C3-9795-7FE3A2B7C4FB}
	EndGlobalSection
EndGlobal
