
Microsoft Visual Studio Solution File, Format Version 12.00
# Visual Studio Version 17
VisualStudioVersion = 17.13.35825.156 d17.13
MinimumVisualStudioVersion = 10.0.40219.1
Project("{FAE04EC0-301F-11D3-BF4B-00C04F79EFBC}") = "AlgorithmsAndDataStructures", "AlgorithmsAndDataStructures\AlgorithmsAndDataStructures.csproj", "{1CAAB5DF-D03B-445F-9752-A97201310570}"
EndProject
Global
	GlobalSection(SolutionConfigurationPlatforms) = preSolution
		Debug|Any CPU = Debug|Any CPU
		Release|Any CPU = Release|Any CPU
	EndGlobalSection
	GlobalSection(ProjectConfigurationPlatforms) = postSolution
		{1CAAB5DF-D03B-445F-9752-A97201310570}.Debug|Any CPU.ActiveCfg = Debug|Any CPU
		{1CAAB5DF-D03B-445F-9752-A97201310570}.Debug|Any CPU.Build.0 = Debug|Any CPU
		{1CAAB5DF-D03B-445F-9752-A97201310570}.Release|Any CPU.ActiveCfg = Release|Any CPU
		{1CAAB5DF-D03B-445F-9752-A97201310570}.Release|Any CPU.Build.0 = Release|Any CPU
	EndGlobalSection
	GlobalSection(SolutionProperties) = preSolution
		HideSolutionNode = FALSE
	EndGlobalSection
	GlobalSection(ExtensibilityGlobals) = postSolution
		SolutionGuid = {FCFC8DA4-25F7-4D44-AA14-333BA0D85B06}
	EndGlobalSection
EndGlobal
